{
    "_readme": [
        "This file locks the dependencies of your project to a known state",
        "Read more about it at https://getcomposer.org/doc/01-basic-usage.md#installing-dependencies",
        "This file is @generated automatically"
    ],
    "content-hash": "ec69f6400bbf06c1f35137e968139bae",
    "packages": [
        {
            "name": "bernarthomas/cadre",
            "version": "dev-main",
            "source": {
                "type": "git",
                "url": "https://github.com/bernarthomas/cadre.git",
                "reference": "121b9378e5f337a03621e776f96bd939c7fbb576"
            },
            "dist": {
                "type": "zip",
                "url": "https://api.github.com/repos/bernarthomas/cadre/zipball/121b9378e5f337a03621e776f96bd939c7fbb576",
                "reference": "121b9378e5f337a03621e776f96bd939c7fbb576",
                "shasum": ""
            },
            "require": {
                "php": "^8.0"
            },
            "default-branch": true,
            "type": "package",
            "notification-url": "https://packagist.org/downloads/",
            "license": [
                "GPL-3.0+"
            ],
            "authors": [
                {
                    "name": "Thomas",
                    "email": "bernarthomas@free.fr"
                }
            ],
            "description": "Fournit un cadre pour implémenter un site web",
            "support": {
                "issues": "https://github.com/bernarthomas/cadre/issues",
                "source": "https://github.com/bernarthomas/cadre/tree/main"
            },
            "time": "2021-12-26T14:48:25+00:00"
        },
        {
            "name": "bernarthomas/tableaudefilant",
            "version": "dev-main",
            "source": {
                "type": "git",
                "url": "https://github.com/bernarthomas/tableaudefilant.git",
                "reference": "4eb01bccbf775fb8404b6296e728f52bd7443a5e"
            },
            "dist": {
                "type": "zip",
                "url": "https://api.github.com/repos/bernarthomas/tableaudefilant/zipball/4eb01bccbf775fb8404b6296e728f52bd7443a5e",
                "reference": "4eb01bccbf775fb8404b6296e728f52bd7443a5e",
                "shasum": ""
            },
            "require": {
                "php": "^8.0"
            },
            "default-branch": true,
            "type": "package",
            "notification-url": "https://packagist.org/downloads/",
            "license": [
                "GPL-3.0+"
            ],
            "authors": [
                {
                    "name": "Thomas",
                    "email": "bernarthomas@free.fr"
                }
            ],
            "description": "Table html5 avec titres fixes et ligne défilantes",
            "support": {
                "issues": "https://github.com/bernarthomas/tableaudefilant/issues",
                "source": "https://github.com/bernarthomas/tableaudefilant/tree/main"
            },
            "time": "2021-12-26T15:35:17+00:00"
        }
    ],
    "packages-dev": [],
    "aliases": [],
    "minimum-stability": "dev",
    "stability-flags": {
        "bernarthomas/cadre": 20,
        "bernarthomas/tableaudefilant": 20
    },
    "prefer-stable": false,
    "prefer-lowest": false,
    "platform": {
        "php": "^8.0"
    },
    "platform-dev": [],
    "platform-overrides": {
        "php": "8.0"
    },
    "plugin-api-version": "2.2.0"
}
